
Microsoft Visual Studio Solution File, Format Version 12.00
# Visual Studio Version 17
VisualStudioVersion = 17.5.33424.131
MinimumVisualStudioVersion = 10.0.40219.1
Project("{8BC9CEB8-8B4A-11D0-8D11-00A0C91BC942}") = "easd_1_033_A", "easd_1_033_A\easd_1_033_A.vcxproj", "{2E0E3FDB-18C6-4D80-8E75-EED8AF0C1CC2}"
EndProject
Global
	GlobalSection(SolutionConfigurationPlatforms) = preSolution
		Debug|x64 = Debug|x64
		Debug|x86 = Debug|x86
		Release|x64 = Release|x64
		Release|x86 = Release|x86
	EndGlobalSection
	GlobalSection(ProjectConfigurationPlatforms) = postSolution
		{2E0E3FDB-18C6-4D80-8E75-EED8AF0C1CC2}.Debug|x64.ActiveCfg = Debug|x64
		{2E0E3FDB-18C6-4D80-8E75-EED8AF0C1CC2}.Debug|x64.Build.0 = Debug|x64
		{2E0E3FDB-18C6-4D80-8E75-EED8AF0C1CC2}.Debug|x86.ActiveCfg = Debug|Win32
		{2E0E3FDB-18C6-4D80-8E75-EED8AF0C1CC2}.Debug|x86.Build.0 = Debug|Win32
		{2E0E3FDB-18C6-4D80-8E75-EED8AF0C1CC2}.Release|x64.ActiveCfg = Release|x64
		{2E0E3FDB-18C6-4D80-8E75-EED8AF0C1CC2}.Release|x64.Build.0 = Release|x64
		{2E0E3FDB-18C6-4D80-8E75-EED8AF0C1CC2}.Release|x86.ActiveCfg = Release|Win32
		{2E0E3FDB-18C6-4D80-8E75-EED8AF0C1CC2}.Release|x86.Build.0 = Release|Win32
	EndGlobalSection
	GlobalSection(SolutionProperties) = preSolution
		HideSolutionNode = FALSE
	EndGlobalSection
	GlobalSection(ExtensibilityGlobals) = postSolution
		SolutionGuid = {4A58A892-A42E-40C7-A81F-924BEAAE38B0}
	EndGlobalSection
EndGlobal
